
Microsoft Visual Studio Solution File, Format Version 12.00
# Visual Studio Version 16
VisualStudioVersion = 16.0.30330.147
MinimumVisualStudioVersion = 10.0.40219.1
Project("{8BC9CEB8-8B4A-11D0-8D11-00A0C91BC942}") = "week2_3", "week2_3\week2_3.vcxproj", "{E58DA89A-9370-47E8-9ADD-0FF7B43DC195}"
EndProject
Global
	GlobalSection(SolutionConfigurationPlatforms) = preSolution
		Debug|x64 = Debug|x64
		Debug|x86 = Debug|x86
		Release|x64 = Release|x64
		Release|x86 = Release|x86
	EndGlobalSection
	GlobalSection(ProjectConfigurationPlatforms) = postSolution
		{E58DA89A-9370-47E8-9ADD-0FF7B43DC195}.Debug|x64.ActiveCfg = Debug|x64
		{E58DA89A-9370-47E8-9ADD-0FF7B43DC195}.Debug|x64.Build.0 = Debug|x64
		{E58DA89A-9370-47E8-9ADD-0FF7B43DC195}.Debug|x86.ActiveCfg = Debug|Win32
		{E58DA89A-9370-47E8-9ADD-0FF7B43DC195}.Debug|x86.Build.0 = Debug|Win32
		{E58DA89A-9370-47E8-9ADD-0FF7B43DC195}.Release|x64.ActiveCfg = Release|x64
		{E58DA89A-9370-47E8-9ADD-0FF7B43DC195}.Release|x64.Build.0 = Release|x64
		{E58DA89A-9370-47E8-9ADD-0FF7B43DC195}.Release|x86.ActiveCfg = Release|Win32
		{E58DA89A-9370-47E8-9ADD-0FF7B43DC195}.Release|x86.Build.0 = Release|Win32
	EndGlobalSection
	GlobalSection(SolutionProperties) = preSolution
		HideSolutionNode = FALSE
	EndGlobalSection
	GlobalSection(ExtensibilityGlobals) = postSolution
		SolutionGuid = {6FC1531B-1B83-461C-8827-6BFAEDDC50D7}
	EndGlobalSection
EndGlobal
